// !$*UTF8*$!
{
	archiveVersion = 1;
	classes = {
	};
	objectVersion = 55;
	objects = {

/* Begin PBXBuildFile section */
		8F15EB3A2C9D34C3BA302694 /* Pods_rick_and_morty_ios.framework in Frameworks */ = {isa = PBXBuildFile; fileRef = 4AB1B13F5C3C316CCD2B887F /* Pods_rick_and_morty_ios.framework */; };
		A60E7DD42A96364800DE28B2 /* AppDelegate.swift in Sources */ = {isa = PBXBuildFile; fileRef = A60E7DD32A96364800DE28B2 /* AppDelegate.swift */; };
		A60E7DD62A96364800DE28B2 /* SceneDelegate.swift in Sources */ = {isa = PBXBuildFile; fileRef = A60E7DD52A96364800DE28B2 /* SceneDelegate.swift */; };
		A60E7DDB2A96364800DE28B2 /* Main.storyboard in Resources */ = {isa = PBXBuildFile; fileRef = A60E7DD92A96364800DE28B2 /* Main.storyboard */; };
		A60E7DDD2A96364A00DE28B2 /* Assets.xcassets in Resources */ = {isa = PBXBuildFile; fileRef = A60E7DDC2A96364A00DE28B2 /* Assets.xcassets */; };
		A60E7DE02A96364A00DE28B2 /* LaunchScreen.storyboard in Resources */ = {isa = PBXBuildFile; fileRef = A60E7DDE2A96364A00DE28B2 /* LaunchScreen.storyboard */; };
		A60E7DE92A96385200DE28B2 /* CustomTableViewCell.swift in Sources */ = {isa = PBXBuildFile; fileRef = A60E7DE72A96385200DE28B2 /* CustomTableViewCell.swift */; };
		A60E7DEA2A96385200DE28B2 /* CustomTableViewCell.xib in Resources */ = {isa = PBXBuildFile; fileRef = A60E7DE82A96385200DE28B2 /* CustomTableViewCell.xib */; };
		A6D404172A97A99B00B49143 /* ApiGetAllCharactersResponse.swift in Sources */ = {isa = PBXBuildFile; fileRef = A6D404162A97A99B00B49143 /* ApiGetAllCharactersResponse.swift */; };
		A6D4041D2A97E03300B49143 /* RMCharacterTableViewCellViewModel.swift in Sources */ = {isa = PBXBuildFile; fileRef = A6D4041C2A97E03300B49143 /* RMCharacterTableViewCellViewModel.swift */; };
		A6F2A3CC2A968D9B0086670A /* EndPoint.swift in Sources */ = {isa = PBXBuildFile; fileRef = A6F2A3CB2A968D9B0086670A /* EndPoint.swift */; };
		A6F2A3D22A9690310086670A /* RMCharacter.swift in Sources */ = {isa = PBXBuildFile; fileRef = A6F2A3D12A9690310086670A /* RMCharacter.swift */; };
		A6F2A3D42A9690380086670A /* RMLocation.swift in Sources */ = {isa = PBXBuildFile; fileRef = A6F2A3D32A9690380086670A /* RMLocation.swift */; };
		A6F2A3D62A96903F0086670A /* RMEpisode.swift in Sources */ = {isa = PBXBuildFile; fileRef = A6F2A3D52A96903F0086670A /* RMEpisode.swift */; };
		A6F2A3D92A9690950086670A /* TabViewController.swift in Sources */ = {isa = PBXBuildFile; fileRef = A6F2A3D82A9690950086670A /* TabViewController.swift */; };
		A6F2A3DB2A96A4500086670A /* CharacterViewController.swift in Sources */ = {isa = PBXBuildFile; fileRef = A6F2A3DA2A96A4500086670A /* CharacterViewController.swift */; };
		A6F2A3DD2A96A5280086670A /* RMOrigin.swift in Sources */ = {isa = PBXBuildFile; fileRef = A6F2A3DC2A96A5280086670A /* RMOrigin.swift */; };
		A6F2A3DF2A96A5F70086670A /* RMSingleLocation.swift in Sources */ = {isa = PBXBuildFile; fileRef = A6F2A3DE2A96A5F70086670A /* RMSingleLocation.swift */; };
		A6F2A3E12A96A6C80086670A /* RMCharacterStatus.swift in Sources */ = {isa = PBXBuildFile; fileRef = A6F2A3E02A96A6C80086670A /* RMCharacterStatus.swift */; };
		A6F2A3E32A96A6F60086670A /* RMCharacterGender.swift in Sources */ = {isa = PBXBuildFile; fileRef = A6F2A3E22A96A6F60086670A /* RMCharacterGender.swift */; };
		A6F2A3E52A96A9880086670A /* APIRequest.swift in Sources */ = {isa = PBXBuildFile; fileRef = A6F2A3E42A96A9880086670A /* APIRequest.swift */; };
		A6F2A3E72A96B1500086670A /* APIService.swift in Sources */ = {isa = PBXBuildFile; fileRef = A6F2A3E62A96B1500086670A /* APIService.swift */; };
/* End PBXBuildFile section */

/* Begin PBXFileReference section */
		41C9D56FEDA4D22264ED5D7C /* Pods-rick-and-morty-ios.release.xcconfig */ = {isa = PBXFileReference; includeInIndex = 1; lastKnownFileType = text.xcconfig; name = "Pods-rick-and-morty-ios.release.xcconfig"; path = "Target Support Files/Pods-rick-and-morty-ios/Pods-rick-and-morty-ios.release.xcconfig"; sourceTree = "<group>"; };
		4AB1B13F5C3C316CCD2B887F /* Pods_rick_and_morty_ios.framework */ = {isa = PBXFileReference; explicitFileType = wrapper.framework; includeInIndex = 0; path = Pods_rick_and_morty_ios.framework; sourceTree = BUILT_PRODUCTS_DIR; };
		A60E7DD02A96364800DE28B2 /* rick-and-morty-ios.app */ = {isa = PBXFileReference; explicitFileType = wrapper.application; includeInIndex = 0; path = "rick-and-morty-ios.app"; sourceTree = BUILT_PRODUCTS_DIR; };
		A60E7DD32A96364800DE28B2 /* AppDelegate.swift */ = {isa = PBXFileReference; lastKnownFileType = sourcecode.swift; path = AppDelegate.swift; sourceTree = "<group>"; };
		A60E7DD52A96364800DE28B2 /* SceneDelegate.swift */ = {isa = PBXFileReference; lastKnownFileType = sourcecode.swift; path = SceneDelegate.swift; sourceTree = "<group>"; };
		A60E7DDA2A96364800DE28B2 /* Base */ = {isa = PBXFileReference; lastKnownFileType = file.storyboard; name = Base; path = Base.lproj/Main.storyboard; sourceTree = "<group>"; };
		A60E7DDC2A96364A00DE28B2 /* Assets.xcassets */ = {isa = PBXFileReference; lastKnownFileType = folder.assetcatalog; path = Assets.xcassets; sourceTree = "<group>"; };
		A60E7DDF2A96364A00DE28B2 /* Base */ = {isa = PBXFileReference; lastKnownFileType = file.storyboard; name = Base; path = Base.lproj/LaunchScreen.storyboard; sourceTree = "<group>"; };
		A60E7DE12A96364A00DE28B2 /* Info.plist */ = {isa = PBXFileReference; lastKnownFileType = text.plist.xml; path = Info.plist; sourceTree = "<group>"; };
		A60E7DE72A96385200DE28B2 /* CustomTableViewCell.swift */ = {isa = PBXFileReference; lastKnownFileType = sourcecode.swift; path = CustomTableViewCell.swift; sourceTree = "<group>"; };
		A60E7DE82A96385200DE28B2 /* CustomTableViewCell.xib */ = {isa = PBXFileReference; lastKnownFileType = file.xib; path = CustomTableViewCell.xib; sourceTree = "<group>"; };
		A6D404162A97A99B00B49143 /* ApiGetAllCharactersResponse.swift */ = {isa = PBXFileReference; fileEncoding = 4; lastKnownFileType = sourcecode.swift; name = ApiGetAllCharactersResponse.swift; path = ../../../../../../.Trash/ApiGetAllCharactersResponse.swift; sourceTree = "<group>"; };
		A6D4041C2A97E03300B49143 /* RMCharacterTableViewCellViewModel.swift */ = {isa = PBXFileReference; lastKnownFileType = sourcecode.swift; path = RMCharacterTableViewCellViewModel.swift; sourceTree = "<group>"; };
		A6F2A3CB2A968D9B0086670A /* EndPoint.swift */ = {isa = PBXFileReference; lastKnownFileType = sourcecode.swift; path = EndPoint.swift; sourceTree = "<group>"; };
		A6F2A3D12A9690310086670A /* RMCharacter.swift */ = {isa = PBXFileReference; lastKnownFileType = sourcecode.swift; path = RMCharacter.swift; sourceTree = "<group>"; };
		A6F2A3D32A9690380086670A /* RMLocation.swift */ = {isa = PBXFileReference; lastKnownFileType = sourcecode.swift; path = RMLocation.swift; sourceTree = "<group>"; };
		A6F2A3D52A96903F0086670A /* RMEpisode.swift */ = {isa = PBXFileReference; lastKnownFileType = sourcecode.swift; path = RMEpisode.swift; sourceTree = "<group>"; };
		A6F2A3D82A9690950086670A /* TabViewController.swift */ = {isa = PBXFileReference; lastKnownFileType = sourcecode.swift; path = TabViewController.swift; sourceTree = "<group>"; };
		A6F2A3DA2A96A4500086670A /* CharacterViewController.swift */ = {isa = PBXFileReference; lastKnownFileType = sourcecode.swift; path = CharacterViewController.swift; sourceTree = "<group>"; };
		A6F2A3DC2A96A5280086670A /* RMOrigin.swift */ = {isa = PBXFileReference; lastKnownFileType = sourcecode.swift; path = RMOrigin.swift; sourceTree = "<group>"; };
		A6F2A3DE2A96A5F70086670A /* RMSingleLocation.swift */ = {isa = PBXFileReference; lastKnownFileType = sourcecode.swift; path = RMSingleLocation.swift; sourceTree = "<group>"; };
		A6F2A3E02A96A6C80086670A /* RMCharacterStatus.swift */ = {isa = PBXFileReference; lastKnownFileType = sourcecode.swift; path = RMCharacterStatus.swift; sourceTree = "<group>"; };
		A6F2A3E22A96A6F60086670A /* RMCharacterGender.swift */ = {isa = PBXFileReference; lastKnownFileType = sourcecode.swift; path = RMCharacterGender.swift; sourceTree = "<group>"; };
		A6F2A3E42A96A9880086670A /* APIRequest.swift */ = {isa = PBXFileReference; lastKnownFileType = sourcecode.swift; path = APIRequest.swift; sourceTree = "<group>"; };
		A6F2A3E62A96B1500086670A /* APIService.swift */ = {isa = PBXFileReference; lastKnownFileType = sourcecode.swift; path = APIService.swift; sourceTree = "<group>"; };
		F923B88AB087C606E9E9DD6B /* Pods-rick-and-morty-ios.debug.xcconfig */ = {isa = PBXFileReference; includeInIndex = 1; lastKnownFileType = text.xcconfig; name = "Pods-rick-and-morty-ios.debug.xcconfig"; path = "Target Support Files/Pods-rick-and-morty-ios/Pods-rick-and-morty-ios.debug.xcconfig"; sourceTree = "<group>"; };
/* End PBXFileReference section */

/* Begin PBXFrameworksBuildPhase section */
		A60E7DCD2A96364800DE28B2 /* Frameworks */ = {
			isa = PBXFrameworksBuildPhase;
			buildActionMask = 2147483647;
			files = (
				8F15EB3A2C9D34C3BA302694 /* Pods_rick_and_morty_ios.framework in Frameworks */,
			);
			runOnlyForDeploymentPostprocessing = 0;
		};
/* End PBXFrameworksBuildPhase section */

/* Begin PBXGroup section */
		0C5B684309E0D7C428E865AE /* Pods */ = {
			isa = PBXGroup;
			children = (
				F923B88AB087C606E9E9DD6B /* Pods-rick-and-morty-ios.debug.xcconfig */,
				41C9D56FEDA4D22264ED5D7C /* Pods-rick-and-morty-ios.release.xcconfig */,
			);
			path = Pods;
			sourceTree = "<group>";
		};
		A60E7DC72A96364800DE28B2 = {
			isa = PBXGroup;
			children = (
				A60E7DD22A96364800DE28B2 /* rick-and-morty-ios */,
				A60E7DD12A96364800DE28B2 /* Products */,
				0C5B684309E0D7C428E865AE /* Pods */,
				C2EB9F39814D78CC6586EDB1 /* Frameworks */,
			);
			sourceTree = "<group>";
		};
		A60E7DD12A96364800DE28B2 /* Products */ = {
			isa = PBXGroup;
			children = (
				A60E7DD02A96364800DE28B2 /* rick-and-morty-ios.app */,
			);
			name = Products;
			sourceTree = "<group>";
		};
		A60E7DD22A96364800DE28B2 /* rick-and-morty-ios */ = {
			isa = PBXGroup;
			children = (
				A6D4041B2A97DFFF00B49143 /* ViewModels */,
				A6F2A3D02A968FE00086670A /* Views */,
				A6F2A3CF2A968FD50086670A /* Models */,
				A6F2A3CE2A968F7F0086670A /* Controllers */,
				A6F2A3CD2A968F770086670A /* Resources */,
				A6F2A3CA2A968D3B0086670A /* APIClient */,
				A60E7DE12A96364A00DE28B2 /* Info.plist */,
			);
			path = "rick-and-morty-ios";
			sourceTree = "<group>";
		};
		A6D404152A979BC000B49143 /* DataTypes */ = {
			isa = PBXGroup;
			children = (
				A6F2A3D12A9690310086670A /* RMCharacter.swift */,
				A6F2A3D32A9690380086670A /* RMLocation.swift */,
				A6F2A3D52A96903F0086670A /* RMEpisode.swift */,
				A6F2A3DC2A96A5280086670A /* RMOrigin.swift */,
				A6F2A3DE2A96A5F70086670A /* RMSingleLocation.swift */,
				A6F2A3E02A96A6C80086670A /* RMCharacterStatus.swift */,
				A6F2A3E22A96A6F60086670A /* RMCharacterGender.swift */,
			);
			path = DataTypes;
			sourceTree = "<group>";
		};
		A6D4041B2A97DFFF00B49143 /* ViewModels */ = {
			isa = PBXGroup;
			children = (
				A6D4041C2A97E03300B49143 /* RMCharacterTableViewCellViewModel.swift */,
			);
			path = ViewModels;
			sourceTree = "<group>";
		};
		A6D4041E2A97E07600B49143 /* TableViewCells */ = {
			isa = PBXGroup;
			children = (
				A60E7DE72A96385200DE28B2 /* CustomTableViewCell.swift */,
			);
			path = TableViewCells;
			sourceTree = "<group>";
		};
		A6F2A3CA2A968D3B0086670A /* APIClient */ = {
			isa = PBXGroup;
			children = (
				A6F2A3CB2A968D9B0086670A /* EndPoint.swift */,
				A6F2A3E42A96A9880086670A /* APIRequest.swift */,
				A6F2A3E62A96B1500086670A /* APIService.swift */,
			);
			path = APIClient;
			sourceTree = "<group>";
		};
		A6F2A3CD2A968F770086670A /* Resources */ = {
			isa = PBXGroup;
			children = (
				A60E7DD32A96364800DE28B2 /* AppDelegate.swift */,
				A60E7DD52A96364800DE28B2 /* SceneDelegate.swift */,
				A60E7DDC2A96364A00DE28B2 /* Assets.xcassets */,
				A60E7DDE2A96364A00DE28B2 /* LaunchScreen.storyboard */,
			);
			path = Resources;
			sourceTree = "<group>";
		};
		A6F2A3CE2A968F7F0086670A /* Controllers */ = {
			isa = PBXGroup;
			children = (
				A6D4041E2A97E07600B49143 /* TableViewCells */,
				A6F2A3D72A9690660086670A /*  Core */,
			);
			path = Controllers;
			sourceTree = "<group>";
		};
		A6F2A3CF2A968FD50086670A /* Models */ = {
			isa = PBXGroup;
			children = (
				A6D404152A979BC000B49143 /* DataTypes */,
				A6F2A3E82A96B5D30086670A /* APIResponseTypes */,
			);
			path = Models;
			sourceTree = "<group>";
		};
		A6F2A3D02A968FE00086670A /* Views */ = {
			isa = PBXGroup;
			children = (
				A60E7DD92A96364800DE28B2 /* Main.storyboard */,
				A60E7DE82A96385200DE28B2 /* CustomTableViewCell.xib */,
			);
			path = Views;
			sourceTree = "<group>";
		};
		A6F2A3D72A9690660086670A /*  Core */ = {
			isa = PBXGroup;
			children = (
				A6F2A3D82A9690950086670A /* TabViewController.swift */,
				A6F2A3DA2A96A4500086670A /* CharacterViewController.swift */,
			);
			path = " Core";
			sourceTree = "<group>";
		};
		A6F2A3E82A96B5D30086670A /* APIResponseTypes */ = {
			isa = PBXGroup;
			children = (
				A6D404162A97A99B00B49143 /* ApiGetAllCharactersResponse.swift */,
			);
			path = APIResponseTypes;
			sourceTree = "<group>";
		};
		C2EB9F39814D78CC6586EDB1 /* Frameworks */ = {
			isa = PBXGroup;
			children = (
				4AB1B13F5C3C316CCD2B887F /* Pods_rick_and_morty_ios.framework */,
			);
			name = Frameworks;
			sourceTree = "<group>";
		};
/* End PBXGroup section */

/* Begin PBXNativeTarget section */
		A60E7DCF2A96364800DE28B2 /* rick-and-morty-ios */ = {
			isa = PBXNativeTarget;
			buildConfigurationList = A60E7DE42A96364A00DE28B2 /* Build configuration list for PBXNativeTarget "rick-and-morty-ios" */;
			buildPhases = (
				C11C38075FD8C9E7F3503E8A /* [CP] Check Pods Manifest.lock */,
				A60E7DCC2A96364800DE28B2 /* Sources */,
				A60E7DCD2A96364800DE28B2 /* Frameworks */,
				A60E7DCE2A96364800DE28B2 /* Resources */,
				163FD067E5326A6EB54C39EC /* [CP] Embed Pods Frameworks */,
			);
			buildRules = (
			);
			dependencies = (
			);
			name = "rick-and-morty-ios";
			productName = "rick-and-morty-ios";
			productReference = A60E7DD02A96364800DE28B2 /* rick-and-morty-ios.app */;
			productType = "com.apple.product-type.application";
		};
/* End PBXNativeTarget section */

/* Begin PBXProject section */
		A60E7DC82A96364800DE28B2 /* Project object */ = {
			isa = PBXProject;
			attributes = {
				BuildIndependentTargetsInParallel = 1;
				LastSwiftUpdateCheck = 1420;
				LastUpgradeCheck = 1420;
				TargetAttributes = {
					A60E7DCF2A96364800DE28B2 = {
						CreatedOnToolsVersion = 14.2;
					};
				};
			};
			buildConfigurationList = A60E7DCB2A96364800DE28B2 /* Build configuration list for PBXProject "rick-and-morty-ios" */;
			compatibilityVersion = "Xcode 13.0";
			developmentRegion = en;
			hasScannedForEncodings = 0;
			knownRegions = (
				en,
				Base,
			);
			mainGroup = A60E7DC72A96364800DE28B2;
			productRefGroup = A60E7DD12A96364800DE28B2 /* Products */;
			projectDirPath = "";
			projectRoot = "";
			targets = (
				A60E7DCF2A96364800DE28B2 /* rick-and-morty-ios */,
			);
		};
/* End PBXProject section */

/* Begin PBXResourcesBuildPhase section */
		A60E7DCE2A96364800DE28B2 /* Resources */ = {
			isa = PBXResourcesBuildPhase;
			buildActionMask = 2147483647;
			files = (
				A60E7DE02A96364A00DE28B2 /* LaunchScreen.storyboard in Resources */,
				A60E7DDD2A96364A00DE28B2 /* Assets.xcassets in Resources */,
				A60E7DEA2A96385200DE28B2 /* CustomTableViewCell.xib in Resources */,
				A60E7DDB2A96364800DE28B2 /* Main.storyboard in Resources */,
			);
			runOnlyForDeploymentPostprocessing = 0;
		};
/* End PBXResourcesBuildPhase section */

/* Begin PBXShellScriptBuildPhase section */
		163FD067E5326A6EB54C39EC /* [CP] Embed Pods Frameworks */ = {
			isa = PBXShellScriptBuildPhase;
			buildActionMask = 2147483647;
			files = (
			);
			inputFileListPaths = (
				"${PODS_ROOT}/Target Support Files/Pods-rick-and-morty-ios/Pods-rick-and-morty-ios-frameworks-${CONFIGURATION}-input-files.xcfilelist",
			);
			name = "[CP] Embed Pods Frameworks";
			outputFileListPaths = (
				"${PODS_ROOT}/Target Support Files/Pods-rick-and-morty-ios/Pods-rick-and-morty-ios-frameworks-${CONFIGURATION}-output-files.xcfilelist",
			);
			runOnlyForDeploymentPostprocessing = 0;
			shellPath = /bin/sh;
			shellScript = "\"${PODS_ROOT}/Target Support Files/Pods-rick-and-morty-ios/Pods-rick-and-morty-ios-frameworks.sh\"\n";
			showEnvVarsInLog = 0;
		};
		C11C38075FD8C9E7F3503E8A /* [CP] Check Pods Manifest.lock */ = {
			isa = PBXShellScriptBuildPhase;
			buildActionMask = 2147483647;
			files = (
			);
			inputFileListPaths = (
			);
			inputPaths = (
				"${PODS_PODFILE_DIR_PATH}/Podfile.lock",
				"${PODS_ROOT}/Manifest.lock",
			);
			name = "[CP] Check Pods Manifest.lock";
			outputFileListPaths = (
			);
			outputPaths = (
				"$(DERIVED_FILE_DIR)/Pods-rick-and-morty-ios-checkManifestLockResult.txt",
			);
			runOnlyForDeploymentPostprocessing = 0;
			shellPath = /bin/sh;
			shellScript = "diff \"${PODS_PODFILE_DIR_PATH}/Podfile.lock\" \"${PODS_ROOT}/Manifest.lock\" > /dev/null\nif [ $? != 0 ] ; then\n    # print error to STDERR\n    echo \"error: The sandbox is not in sync with the Podfile.lock. Run 'pod install' or update your CocoaPods installation.\" >&2\n    exit 1\nfi\n# This output is used by Xcode 'outputs' to avoid re-running this script phase.\necho \"SUCCESS\" > \"${SCRIPT_OUTPUT_FILE_0}\"\n";
			showEnvVarsInLog = 0;
		};
/* End PBXShellScriptBuildPhase section */

/* Begin PBXSourcesBuildPhase section */
		A60E7DCC2A96364800DE28B2 /* Sources */ = {
			isa = PBXSourcesBuildPhase;
			buildActionMask = 2147483647;
			files = (
				A60E7DD42A96364800DE28B2 /* AppDelegate.swift in Sources */,
				A6F2A3E32A96A6F60086670A /* RMCharacterGender.swift in Sources */,
				A6F2A3DF2A96A5F70086670A /* RMSingleLocation.swift in Sources */,
				A60E7DE92A96385200DE28B2 /* CustomTableViewCell.swift in Sources */,
				A6F2A3D62A96903F0086670A /* RMEpisode.swift in Sources */,
				A6F2A3D42A9690380086670A /* RMLocation.swift in Sources */,
				A6F2A3DD2A96A5280086670A /* RMOrigin.swift in Sources */,
				A6F2A3DB2A96A4500086670A /* CharacterViewController.swift in Sources */,
				A6F2A3D92A9690950086670A /* TabViewController.swift in Sources */,
				A60E7DD62A96364800DE28B2 /* SceneDelegate.swift in Sources */,
				A6F2A3CC2A968D9B0086670A /* EndPoint.swift in Sources */,
				A6F2A3E12A96A6C80086670A /* RMCharacterStatus.swift in Sources */,
				A6F2A3E52A96A9880086670A /* APIRequest.swift in Sources */,
				A6D404172A97A99B00B49143 /* ApiGetAllCharactersResponse.swift in Sources */,
				A6D4041D2A97E03300B49143 /* RMCharacterTableViewCellViewModel.swift in Sources */,
				A6F2A3E72A96B1500086670A /* APIService.swift in Sources */,
				A6F2A3D22A9690310086670A /* RMCharacter.swift in Sources */,
			);
			runOnlyForDeploymentPostprocessing = 0;
		};
/* End PBXSourcesBuildPhase section */

/* Begin PBXVariantGroup section */
		A60E7DD92A96364800DE28B2 /* Main.storyboard */ = {
			isa = PBXVariantGroup;
			children = (
				A60E7DDA2A96364800DE28B2 /* Base */,
			);
			name = Main.storyboard;
			sourceTree = "<group>";
		};
		A60E7DDE2A96364A00DE28B2 /* LaunchScreen.storyboard */ = {
			isa = PBXVariantGroup;
			children = (
				A60E7DDF2A96364A00DE28B2 /* Base */,
			);
			name = LaunchScreen.storyboard;
			sourceTree = "<group>";
		};
/* End PBXVariantGroup section */

/* Begin XCBuildConfiguration section */
		A60E7DE22A96364A00DE28B2 /* Debug */ = {
			isa = XCBuildConfiguration;
			buildSettings = {
				ALWAYS_SEARCH_USER_PATHS = NO;
				CLANG_ANALYZER_NONNULL = YES;
				CLANG_ANALYZER_NUMBER_OBJECT_CONVERSION = YES_AGGRESSIVE;
				CLANG_CXX_LANGUAGE_STANDARD = "gnu++20";
				CLANG_ENABLE_MODULES = YES;
				CLANG_ENABLE_OBJC_ARC = YES;
				CLANG_ENABLE_OBJC_WEAK = YES;
				CLANG_WARN_BLOCK_CAPTURE_AUTORELEASING = YES;
				CLANG_WARN_BOOL_CONVERSION = YES;
				CLANG_WARN_COMMA = YES;
				CLANG_WARN_CONSTANT_CONVERSION = YES;
				CLANG_WARN_DEPRECATED_OBJC_IMPLEMENTATIONS = YES;
				CLANG_WARN_DIRECT_OBJC_ISA_USAGE = YES_ERROR;
				CLANG_WARN_DOCUMENTATION_COMMENTS = YES;
				CLANG_WARN_EMPTY_BODY = YES;
				CLANG_WARN_ENUM_CONVERSION = YES;
				CLANG_WARN_INFINITE_RECURSION = YES;
				CLANG_WARN_INT_CONVERSION = YES;
				CLANG_WARN_NON_LITERAL_NULL_CONVERSION = YES;
				CLANG_WARN_OBJC_IMPLICIT_RETAIN_SELF = YES;
				CLANG_WARN_OBJC_LITERAL_CONVERSION = YES;
				CLANG_WARN_OBJC_ROOT_CLASS = YES_ERROR;
				CLANG_WARN_QUOTED_INCLUDE_IN_FRAMEWORK_HEADER = YES;
				CLANG_WARN_RANGE_LOOP_ANALYSIS = YES;
				CLANG_WARN_STRICT_PROTOTYPES = YES;
				CLANG_WARN_SUSPICIOUS_MOVE = YES;
				CLANG_WARN_UNGUARDED_AVAILABILITY = YES_AGGRESSIVE;
				CLANG_WARN_UNREACHABLE_CODE = YES;
				CLANG_WARN__DUPLICATE_METHOD_MATCH = YES;
				COPY_PHASE_STRIP = NO;
				DEBUG_INFORMATION_FORMAT = dwarf;
				ENABLE_STRICT_OBJC_MSGSEND = YES;
				ENABLE_TESTABILITY = YES;
				GCC_C_LANGUAGE_STANDARD = gnu11;
				GCC_DYNAMIC_NO_PIC = NO;
				GCC_NO_COMMON_BLOCKS = YES;
				GCC_OPTIMIZATION_LEVEL = 0;
				GCC_PREPROCESSOR_DEFINITIONS = (
					"DEBUG=1",
					"$(inherited)",
				);
				GCC_WARN_64_TO_32_BIT_CONVERSION = YES;
				GCC_WARN_ABOUT_RETURN_TYPE = YES_ERROR;
				GCC_WARN_UNDECLARED_SELECTOR = YES;
				GCC_WARN_UNINITIALIZED_AUTOS = YES_AGGRESSIVE;
				GCC_WARN_UNUSED_FUNCTION = YES;
				GCC_WARN_UNUSED_VARIABLE = YES;
				IPHONEOS_DEPLOYMENT_TARGET = 16.2;
				MTL_ENABLE_DEBUG_INFO = INCLUDE_SOURCE;
				MTL_FAST_MATH = YES;
				ONLY_ACTIVE_ARCH = YES;
				SDKROOT = iphoneos;
				SWIFT_ACTIVE_COMPILATION_CONDITIONS = DEBUG;
				SWIFT_OPTIMIZATION_LEVEL = "-Onone";
			};
			name = Debug;
		};
		A60E7DE32A96364A00DE28B2 /* Release */ = {
			isa = XCBuildConfiguration;
			buildSettings = {
				ALWAYS_SEARCH_USER_PATHS = NO;
				CLANG_ANALYZER_NONNULL = YES;
				CLANG_ANALYZER_NUMBER_OBJECT_CONVERSION = YES_AGGRESSIVE;
				CLANG_CXX_LANGUAGE_STANDARD = "gnu++20";
				CLANG_ENABLE_MODULES = YES;
				CLANG_ENABLE_OBJC_ARC = YES;
				CLANG_ENABLE_OBJC_WEAK = YES;
				CLANG_WARN_BLOCK_CAPTURE_AUTORELEASING = YES;
				CLANG_WARN_BOOL_CONVERSION = YES;
				CLANG_WARN_COMMA = YES;
				CLANG_WARN_CONSTANT_CONVERSION = YES;
				CLANG_WARN_DEPRECATED_OBJC_IMPLEMENTATIONS = YES;
				CLANG_WARN_DIRECT_OBJC_ISA_USAGE = YES_ERROR;
				CLANG_WARN_DOCUMENTATION_COMMENTS = YES;
				CLANG_WARN_EMPTY_BODY = YES;
				CLANG_WARN_ENUM_CONVERSION = YES;
				CLANG_WARN_INFINITE_RECURSION = YES;
				CLANG_WARN_INT_CONVERSION = YES;
				CLANG_WARN_NON_LITERAL_NULL_CONVERSION = YES;
				CLANG_WARN_OBJC_IMPLICIT_RETAIN_SELF = YES;
				CLANG_WARN_OBJC_LITERAL_CONVERSION = YES;
				CLANG_WARN_OBJC_ROOT_CLASS = YES_ERROR;
				CLANG_WARN_QUOTED_INCLUDE_IN_FRAMEWORK_HEADER = YES;
				CLANG_WARN_RANGE_LOOP_ANALYSIS = YES;
				CLANG_WARN_STRICT_PROTOTYPES = YES;
				CLANG_WARN_SUSPICIOUS_MOVE = YES;
				CLANG_WARN_UNGUARDED_AVAILABILITY = YES_AGGRESSIVE;
				CLANG_WARN_UNREACHABLE_CODE = YES;
				CLANG_WARN__DUPLICATE_METHOD_MATCH = YES;
				COPY_PHASE_STRIP = NO;
				DEBUG_INFORMATION_FORMAT = "dwarf-with-dsym";
				ENABLE_NS_ASSERTIONS = NO;
				ENABLE_STRICT_OBJC_MSGSEND = YES;
				GCC_C_LANGUAGE_STANDARD = gnu11;
				GCC_NO_COMMON_BLOCKS = YES;
				GCC_WARN_64_TO_32_BIT_CONVERSION = YES;
				GCC_WARN_ABOUT_RETURN_TYPE = YES_ERROR;
				GCC_WARN_UNDECLARED_SELECTOR = YES;
				GCC_WARN_UNINITIALIZED_AUTOS = YES_AGGRESSIVE;
				GCC_WARN_UNUSED_FUNCTION = YES;
				GCC_WARN_UNUSED_VARIABLE = YES;
				IPHONEOS_DEPLOYMENT_TARGET = 16.2;
				MTL_ENABLE_DEBUG_INFO = NO;
				MTL_FAST_MATH = YES;
				SDKROOT = iphoneos;
				SWIFT_COMPILATION_MODE = wholemodule;
				SWIFT_OPTIMIZATION_LEVEL = "-O";
				VALIDATE_PRODUCT = YES;
			};
			name = Release;
		};
		A60E7DE52A96364A00DE28B2 /* Debug */ = {
			isa = XCBuildConfiguration;
			baseConfigurationReference = F923B88AB087C606E9E9DD6B /* Pods-rick-and-morty-ios.debug.xcconfig */;
			buildSettings = {
				ASSETCATALOG_COMPILER_APPICON_NAME = AppIcon;
				ASSETCATALOG_COMPILER_GLOBAL_ACCENT_COLOR_NAME = AccentColor;
				CODE_SIGN_STYLE = Automatic;
				CURRENT_PROJECT_VERSION = 1;
				GENERATE_INFOPLIST_FILE = YES;
				INFOPLIST_FILE = "rick-and-morty-ios/Info.plist";
				INFOPLIST_KEY_UIApplicationSupportsIndirectInputEvents = YES;
				INFOPLIST_KEY_UILaunchStoryboardName = LaunchScreen;
				INFOPLIST_KEY_UIMainStoryboardFile = Main;
				INFOPLIST_KEY_UISupportedInterfaceOrientations_iPad = "UIInterfaceOrientationPortrait UIInterfaceOrientationPortraitUpsideDown UIInterfaceOrientationLandscapeLeft UIInterfaceOrientationLandscapeRight";
				INFOPLIST_KEY_UISupportedInterfaceOrientations_iPhone = "UIInterfaceOrientationPortrait UIInterfaceOrientationLandscapeLeft UIInterfaceOrientationLandscapeRight";
				LD_RUNPATH_SEARCH_PATHS = (
					"$(inherited)",
					"@executable_path/Frameworks",
				);
				MARKETING_VERSION = 1.0;
				PRODUCT_BUNDLE_IDENTIFIER = "com.roshka.bootcamp.montsemedina.rick-and-morty-ios";
				PRODUCT_NAME = "$(TARGET_NAME)";
				SWIFT_EMIT_LOC_STRINGS = YES;
				SWIFT_VERSION = 5.0;
				TARGETED_DEVICE_FAMILY = "1,2";
			};
			name = Debug;
		};
		A60E7DE62A96364A00DE28B2 /* Release */ = {
			isa = XCBuildConfiguration;
			baseConfigurationReference = 41C9D56FEDA4D22264ED5D7C /* Pods-rick-and-morty-ios.release.xcconfig */;
			buildSettings = {
				ASSETCATALOG_COMPILER_APPICON_NAME = AppIcon;
				ASSETCATALOG_COMPILER_GLOBAL_ACCENT_COLOR_NAME = AccentColor;
				CODE_SIGN_STYLE = Automatic;
				CURRENT_PROJECT_VERSION = 1;
				GENERATE_INFOPLIST_FILE = YES;
				INFOPLIST_FILE = "rick-and-morty-ios/Info.plist";
				INFOPLIST_KEY_UIApplicationSupportsIndirectInputEvents = YES;
				INFOPLIST_KEY_UILaunchStoryboardName = LaunchScreen;
				INFOPLIST_KEY_UIMainStoryboardFile = Main;
				INFOPLIST_KEY_UISupportedInterfaceOrientations_iPad = "UIInterfaceOrientationPortrait UIInterfaceOrientationPortraitUpsideDown UIInterfaceOrientationLandscapeLeft UIInterfaceOrientationLandscapeRight";
				INFOPLIST_KEY_UISupportedInterfaceOrientations_iPhone = "UIInterfaceOrientationPortrait UIInterfaceOrientationLandscapeLeft UIInterfaceOrientationLandscapeRight";
				LD_RUNPATH_SEARCH_PATHS = (
					"$(inherited)",
					"@executable_path/Frameworks",
				);
				MARKETING_VERSION = 1.0;
				PRODUCT_BUNDLE_IDENTIFIER = "com.roshka.bootcamp.montsemedina.rick-and-morty-ios";
				PRODUCT_NAME = "$(TARGET_NAME)";
				SWIFT_EMIT_LOC_STRINGS = YES;
				SWIFT_VERSION = 5.0;
				TARGETED_DEVICE_FAMILY = "1,2";
			};
			name = Release;
		};
/* End XCBuildConfiguration section */

/* Begin XCConfigurationList section */
		A60E7DCB2A96364800DE28B2 /* Build configuration list for PBXProject "rick-and-morty-ios" */ = {
			isa = XCConfigurationList;
			buildConfigurations = (
				A60E7DE22A96364A00DE28B2 /* Debug */,
				A60E7DE32A96364A00DE28B2 /* Release */,
			);
			defaultConfigurationIsVisible = 0;
			defaultConfigurationName = Release;
		};
		A60E7DE42A96364A00DE28B2 /* Build configuration list for PBXNativeTarget "rick-and-morty-ios" */ = {
			isa = XCConfigurationList;
			buildConfigurations = (
				A60E7DE52A96364A00DE28B2 /* Debug */,
				A60E7DE62A96364A00DE28B2 /* Release */,
			);
			defaultConfigurationIsVisible = 0;
			defaultConfigurationName = Release;
		};
/* End XCConfigurationList section */
	};
	rootObject = A60E7DC82A96364800DE28B2 /* Project object */;
}
